
Microsoft Visual Studio Solution File, Format Version 12.00
# Visual Studio Version 17
VisualStudioVersion = 17.4.33205.214
MinimumVisualStudioVersion = 10.0.40219.1
Project("{8BC9CEB8-8B4A-11D0-8D11-00A0C91BC942}") = "355_Design_Twitter", "355_Design_Twitter\355_Design_Twitter.vcxproj", "{D94F3760-2FDF-4576-AC69-4C50C2965FDB}"
EndProject
Project("{8BC9CEB8-8B4A-11D0-8D11-00A0C91BC942}") = "357_Num_with_Unique_Digits", "357_Num_with_Unique_Digits\357_Num_with_Unique_Digits.vcxproj", "{BF6BEC4A-FB28-4382-B384-7985D184A910}"
EndProject
Project("{8BC9CEB8-8B4A-11D0-8D11-00A0C91BC942}") = "365_Water_and_Jug", "365_Water_and_Jug\365_Water_and_Jug.vcxproj", "{E1CE5B5D-F2C8-4EE7-BC4D-6B97989E98D0}"
EndProject
Project("{8BC9CEB8-8B4A-11D0-8D11-00A0C91BC942}") = "367_Perfect_Square", "367_Perfect_Square\367_Perfect_Square.vcxproj", "{48DA05C6-A9BD-4840-ACA4-6A4BE931B8D5}"
EndProject
Project("{8BC9CEB8-8B4A-11D0-8D11-00A0C91BC942}") = "368_Largest_Divisible_Subset", "368_Largest_Divisible_Subset\368_Largest_Divisible_Subset.vcxproj", "{66B3AE65-86D5-4A6F-873F-11E418583F66}"
EndProject
Project("{8BC9CEB8-8B4A-11D0-8D11-00A0C91BC942}") = "371_Sum_of_Two_Integers", "371_Sum_of_Two_Integers\371_Sum_of_Two_Integers.vcxproj", "{3FCD698D-AEB9-4239-B0A5-83B43EF70016}"
EndProject
Project("{8BC9CEB8-8B4A-11D0-8D11-00A0C91BC942}") = "372_Super_Pow", "372_Super_Pow\372_Super_Pow.vcxproj", "{6B9AAB3E-DE8D-47AB-B46E-0CDC525CE78D}"
EndProject
Project("{8BC9CEB8-8B4A-11D0-8D11-00A0C91BC942}") = "373_Find_K_Pairs_Smallest_Sums", "373_Find_K_Pairs_Smallest_Sums\373_Find_K_Pairs_Smallest_Sums.vcxproj", "{05441E95-D5C9-42FD-A679-AA98007B6339}"
EndProject
Project("{8BC9CEB8-8B4A-11D0-8D11-00A0C91BC942}") = "374_Higher_or_Lower", "374_Higher_or_Lower\374_Higher_or_Lower.vcxproj", "{D7584024-1534-49E3-82A6-624ECAD5CDE2}"
EndProject
Project("{8BC9CEB8-8B4A-11D0-8D11-00A0C91BC942}") = "375_Higher_or_Lower_II", "375_Higher_or_Lower_II\375_Higher_or_Lower_II.vcxproj", "{3F606F21-F2EE-426C-A08E-D04376834A8E}"
EndProject
Project("{8BC9CEB8-8B4A-11D0-8D11-00A0C91BC942}") = "376_Wiggle_Subsequence", "376_Wiggle_Subsequence\376_Wiggle_Subsequence.vcxproj", "{4AFA9946-3F11-4C46-A9C7-0DD7FA3E4359}"
EndProject
Project("{8BC9CEB8-8B4A-11D0-8D11-00A0C91BC942}") = "377_Combination_Sum_IV", "377_Combination_Sum_IV\377_Combination_Sum_IV.vcxproj", "{EF41E18A-6AC2-4707-A960-5987BE538EC4}"
EndProject
Project("{8BC9CEB8-8B4A-11D0-8D11-00A0C91BC942}") = "378_Kth_Smallest_Element", "378_Kth_Smallest_Element\378_Kth_Smallest_Element.vcxproj", "{4CD32A19-E0ED-4105-9E93-195A9D149C11}"
EndProject
Project("{8BC9CEB8-8B4A-11D0-8D11-00A0C91BC942}") = "380_Inst_Del_GetRandom", "380_Inst_Del_GetRandom\380_Inst_Del_GetRandom.vcxproj", "{8479D4E4-81D4-43B1-BC5A-05EF3DEDF6FB}"
EndProject
Project("{8BC9CEB8-8B4A-11D0-8D11-00A0C91BC942}") = "382_Linked_List_Random_Node", "382_Linked_List_Random_Node\382_Linked_List_Random_Node.vcxproj", "{CEF2FE64-28EA-4347-B47F-ACBDC4E77BD4}"
EndProject
Project("{8BC9CEB8-8B4A-11D0-8D11-00A0C91BC942}") = "383_Ransom_Note", "383_Ransom_Note\383_Ransom_Note.vcxproj", "{67CAE905-F718-4DFA-8C25-F7A82D45395D}"
EndProject
Project("{8BC9CEB8-8B4A-11D0-8D11-00A0C91BC942}") = "384_Shuffle_an_Array", "384_Shuffle_an_Array\384_Shuffle_an_Array.vcxproj", "{58D87A7F-B0AB-4E36-A5EC-CDDE7E2236E5}"
EndProject
Project("{8BC9CEB8-8B4A-11D0-8D11-00A0C91BC942}") = "385_Mini_Parser", "385_Mini_Parser\385_Mini_Parser.vcxproj", "{6DFE1FA4-9522-43B1-ACAD-AA7D1ADCC5C1}"
EndProject
Project("{8BC9CEB8-8B4A-11D0-8D11-00A0C91BC942}") = "386_Lexicographical_Numbers", "386_Lexicographical_Numbers\386_Lexicographical_Numbers.vcxproj", "{9F9234E0-15FB-4A8B-82AD-0C539D6CA11E}"
EndProject
Project("{8BC9CEB8-8B4A-11D0-8D11-00A0C91BC942}") = "387_First_Unique_Character", "387_First_Unique_Character\387_First_Unique_Character.vcxproj", "{55826D35-BF53-4039-8751-0B5AB90AEB5C}"
EndProject
Project("{8BC9CEB8-8B4A-11D0-8D11-00A0C91BC942}") = "388_Longest_File_Path", "388_Longest_File_Path\388_Longest_File_Path.vcxproj", "{1CBDCC80-D5A9-4BA1-A5E9-BF49197F50B5}"
EndProject
Project("{8BC9CEB8-8B4A-11D0-8D11-00A0C91BC942}") = "389_Find_The_Difference", "389_Find_The_Difference\389_Find_The_Difference.vcxproj", "{A916ADED-4D05-414C-86E5-29BD8630B1D1}"
EndProject
Project("{8BC9CEB8-8B4A-11D0-8D11-00A0C91BC942}") = "390_Elimination_Game", "390_Elimination_Game\390_Elimination_Game.vcxproj", "{2DCEFFB9-B5B5-4DD0-BA05-AE92C81F9DBA}"
EndProject
Project("{8BC9CEB8-8B4A-11D0-8D11-00A0C91BC942}") = "392_Is_Subsequence", "392_Is_Subsequence\392_Is_Subsequence.vcxproj", "{0271F067-C6A7-45A7-ABB6-1F766CAEED26}"
EndProject
Project("{8BC9CEB8-8B4A-11D0-8D11-00A0C91BC942}") = "393_UTF-8_Validation", "393_UTF-8_Validation\393_UTF-8_Validation.vcxproj", "{ADA83FC2-BE5A-4A36-BBBC-B629185CECFF}"
EndProject
Project("{8BC9CEB8-8B4A-11D0-8D11-00A0C91BC942}") = "394_Decode_String", "394_Decode_String\394_Decode_String.vcxproj", "{BE9B5276-48A6-4AE0-9B77-45FEEF3734B7}"
EndProject
Project("{8BC9CEB8-8B4A-11D0-8D11-00A0C91BC942}") = "395_Longest_K Repeating_Chars", "395_Longest_K Repeating_Chars\395_Longest_K Repeating_Chars.vcxproj", "{7453C78A-15B8-4528-B38C-2118606622B8}"
EndProject
Global
	GlobalSection(SolutionConfigurationPlatforms) = preSolution
		Debug|x64 = Debug|x64
		Debug|x86 = Debug|x86
		Release|x64 = Release|x64
		Release|x86 = Release|x86
	EndGlobalSection
	GlobalSection(ProjectConfigurationPlatforms) = postSolution
		{D94F3760-2FDF-4576-AC69-4C50C2965FDB}.Debug|x64.ActiveCfg = Debug|x64
		{D94F3760-2FDF-4576-AC69-4C50C2965FDB}.Debug|x64.Build.0 = Debug|x64
		{D94F3760-2FDF-4576-AC69-4C50C2965FDB}.Debug|x86.ActiveCfg = Debug|Win32
		{D94F3760-2FDF-4576-AC69-4C50C2965FDB}.Debug|x86.Build.0 = Debug|Win32
		{D94F3760-2FDF-4576-AC69-4C50C2965FDB}.Release|x64.ActiveCfg = Release|x64
		{D94F3760-2FDF-4576-AC69-4C50C2965FDB}.Release|x64.Build.0 = Release|x64
		{D94F3760-2FDF-4576-AC69-4C50C2965FDB}.Release|x86.ActiveCfg = Release|Win32
		{D94F3760-2FDF-4576-AC69-4C50C2965FDB}.Release|x86.Build.0 = Release|Win32
		{BF6BEC4A-FB28-4382-B384-7985D184A910}.Debug|x64.ActiveCfg = Debug|x64
		{BF6BEC4A-FB28-4382-B384-7985D184A910}.Debug|x64.Build.0 = Debug|x64
		{BF6BEC4A-FB28-4382-B384-7985D184A910}.Debug|x86.ActiveCfg = Debug|Win32
		{BF6BEC4A-FB28-4382-B384-7985D184A910}.Debug|x86.Build.0 = Debug|Win32
		{BF6BEC4A-FB28-4382-B384-7985D184A910}.Release|x64.ActiveCfg = Release|x64
		{BF6BEC4A-FB28-4382-B384-7985D184A910}.Release|x64.Build.0 = Release|x64
		{BF6BEC4A-FB28-4382-B384-7985D184A910}.Release|x86.ActiveCfg = Release|Win32
		{BF6BEC4A-FB28-4382-B384-7985D184A910}.Release|x86.Build.0 = Release|Win32
		{E1CE5B5D-F2C8-4EE7-BC4D-6B97989E98D0}.Debug|x64.ActiveCfg = Debug|x64
		{E1CE5B5D-F2C8-4EE7-BC4D-6B97989E98D0}.Debug|x64.Build.0 = Debug|x64
		{E1CE5B5D-F2C8-4EE7-BC4D-6B97989E98D0}.Debug|x86.ActiveCfg = Debug|Win32
		{E1CE5B5D-F2C8-4EE7-BC4D-6B97989E98D0}.Debug|x86.Build.0 = Debug|Win32
		{E1CE5B5D-F2C8-4EE7-BC4D-6B97989E98D0}.Release|x64.ActiveCfg = Release|x64
		{E1CE5B5D-F2C8-4EE7-BC4D-6B97989E98D0}.Release|x64.Build.0 = Release|x64
		{E1CE5B5D-F2C8-4EE7-BC4D-6B97989E98D0}.Release|x86.ActiveCfg = Release|Win32
		{E1CE5B5D-F2C8-4EE7-BC4D-6B97989E98D0}.Release|x86.Build.0 = Release|Win32
		{48DA05C6-A9BD-4840-ACA4-6A4BE931B8D5}.Debug|x64.ActiveCfg = Debug|x64
		{48DA05C6-A9BD-4840-ACA4-6A4BE931B8D5}.Debug|x64.Build.0 = Debug|x64
		{48DA05C6-A9BD-4840-ACA4-6A4BE931B8D5}.Debug|x86.ActiveCfg = Debug|Win32
		{48DA05C6-A9BD-4840-ACA4-6A4BE931B8D5}.Debug|x86.Build.0 = Debug|Win32
		{48DA05C6-A9BD-4840-ACA4-6A4BE931B8D5}.Release|x64.ActiveCfg = Release|x64
		{48DA05C6-A9BD-4840-ACA4-6A4BE931B8D5}.Release|x64.Build.0 = Release|x64
		{48DA05C6-A9BD-4840-ACA4-6A4BE931B8D5}.Release|x86.ActiveCfg = Release|Win32
		{48DA05C6-A9BD-4840-ACA4-6A4BE931B8D5}.Release|x86.Build.0 = Release|Win32
		{66B3AE65-86D5-4A6F-873F-11E418583F66}.Debug|x64.ActiveCfg = Debug|x64
		{66B3AE65-86D5-4A6F-873F-11E418583F66}.Debug|x64.Build.0 = Debug|x64
		{66B3AE65-86D5-4A6F-873F-11E418583F66}.Debug|x86.ActiveCfg = Debug|Win32
		{66B3AE65-86D5-4A6F-873F-11E418583F66}.Debug|x86.Build.0 = Debug|Win32
		{66B3AE65-86D5-4A6F-873F-11E418583F66}.Release|x64.ActiveCfg = Release|x64
		{66B3AE65-86D5-4A6F-873F-11E418583F66}.Release|x64.Build.0 = Release|x64
		{66B3AE65-86D5-4A6F-873F-11E418583F66}.Release|x86.ActiveCfg = Release|Win32
		{66B3AE65-86D5-4A6F-873F-11E418583F66}.Release|x86.Build.0 = Release|Win32
		{3FCD698D-AEB9-4239-B0A5-83B43EF70016}.Debug|x64.ActiveCfg = Debug|x64
		{3FCD698D-AEB9-4239-B0A5-83B43EF70016}.Debug|x64.Build.0 = Debug|x64
		{3FCD698D-AEB9-4239-B0A5-83B43EF70016}.Debug|x86.ActiveCfg = Debug|Win32
		{3FCD698D-AEB9-4239-B0A5-83B43EF70016}.Debug|x86.Build.0 = Debug|Win32
		{3FCD698D-AEB9-4239-B0A5-83B43EF70016}.Release|x64.ActiveCfg = Release|x64
		{3FCD698D-AEB9-4239-B0A5-83B43EF70016}.Release|x64.Build.0 = Release|x64
		{3FCD698D-AEB9-4239-B0A5-83B43EF70016}.Release|x86.ActiveCfg = Release|Win32
		{3FCD698D-AEB9-4239-B0A5-83B43EF70016}.Release|x86.Build.0 = Release|Win32
		{6B9AAB3E-DE8D-47AB-B46E-0CDC525CE78D}.Debug|x64.ActiveCfg = Debug|x64
		{6B9AAB3E-DE8D-47AB-B46E-0CDC525CE78D}.Debug|x64.Build.0 = Debug|x64
		{6B9AAB3E-DE8D-47AB-B46E-0CDC525CE78D}.Debug|x86.ActiveCfg = Debug|Win32
		{6B9AAB3E-DE8D-47AB-B46E-0CDC525CE78D}.Debug|x86.Build.0 = Debug|Win32
		{6B9AAB3E-DE8D-47AB-B46E-0CDC525CE78D}.Release|x64.ActiveCfg = Release|x64
		{6B9AAB3E-DE8D-47AB-B46E-0CDC525CE78D}.Release|x64.Build.0 = Release|x64
		{6B9AAB3E-DE8D-47AB-B46E-0CDC525CE78D}.Release|x86.ActiveCfg = Release|Win32
		{6B9AAB3E-DE8D-47AB-B46E-0CDC525CE78D}.Release|x86.Build.0 = Release|Win32
		{05441E95-D5C9-42FD-A679-AA98007B6339}.Debug|x64.ActiveCfg = Debug|x64
		{05441E95-D5C9-42FD-A679-AA98007B6339}.Debug|x64.Build.0 = Debug|x64
		{05441E95-D5C9-42FD-A679-AA98007B6339}.Debug|x86.ActiveCfg = Debug|Win32
		{05441E95-D5C9-42FD-A679-AA98007B6339}.Debug|x86.Build.0 = Debug|Win32
		{05441E95-D5C9-42FD-A679-AA98007B6339}.Release|x64.ActiveCfg = Release|x64
		{05441E95-D5C9-42FD-A679-AA98007B6339}.Release|x64.Build.0 = Release|x64
		{05441E95-D5C9-42FD-A679-AA98007B6339}.Release|x86.ActiveCfg = Release|Win32
		{05441E95-D5C9-42FD-A679-AA98007B6339}.Release|x86.Build.0 = Release|Win32
		{D7584024-1534-49E3-82A6-624ECAD5CDE2}.Debug|x64.ActiveCfg = Debug|x64
		{D7584024-1534-49E3-82A6-624ECAD5CDE2}.Debug|x64.Build.0 = Debug|x64
		{D7584024-1534-49E3-82A6-624ECAD5CDE2}.Debug|x86.ActiveCfg = Debug|Win32
		{D7584024-1534-49E3-82A6-624ECAD5CDE2}.Debug|x86.Build.0 = Debug|Win32
		{D7584024-1534-49E3-82A6-624ECAD5CDE2}.Release|x64.ActiveCfg = Release|x64
		{D7584024-1534-49E3-82A6-624ECAD5CDE2}.Release|x64.Build.0 = Release|x64
		{D7584024-1534-49E3-82A6-624ECAD5CDE2}.Release|x86.ActiveCfg = Release|Win32
		{D7584024-1534-49E3-82A6-624ECAD5CDE2}.Release|x86.Build.0 = Release|Win32
		{3F606F21-F2EE-426C-A08E-D04376834A8E}.Debug|x64.ActiveCfg = Debug|x64
		{3F606F21-F2EE-426C-A08E-D04376834A8E}.Debug|x64.Build.0 = Debug|x64
		{3F606F21-F2EE-426C-A08E-D04376834A8E}.Debug|x86.ActiveCfg = Debug|Win32
		{3F606F21-F2EE-426C-A08E-D04376834A8E}.Debug|x86.Build.0 = Debug|Win32
		{3F606F21-F2EE-426C-A08E-D04376834A8E}.Release|x64.ActiveCfg = Release|x64
		{3F606F21-F2EE-426C-A08E-D04376834A8E}.Release|x64.Build.0 = Release|x64
		{3F606F21-F2EE-426C-A08E-D04376834A8E}.Release|x86.ActiveCfg = Release|Win32
		{3F606F21-F2EE-426C-A08E-D04376834A8E}.Release|x86.Build.0 = Release|Win32
		{4AFA9946-3F11-4C46-A9C7-0DD7FA3E4359}.Debug|x64.ActiveCfg = Debug|x64
		{4AFA9946-3F11-4C46-A9C7-0DD7FA3E4359}.Debug|x64.Build.0 = Debug|x64
		{4AFA9946-3F11-4C46-A9C7-0DD7FA3E4359}.Debug|x86.ActiveCfg = Debug|Win32
		{4AFA9946-3F11-4C46-A9C7-0DD7FA3E4359}.Debug|x86.Build.0 = Debug|Win32
		{4AFA9946-3F11-4C46-A9C7-0DD7FA3E4359}.Release|x64.ActiveCfg = Release|x64
		{4AFA9946-3F11-4C46-A9C7-0DD7FA3E4359}.Release|x64.Build.0 = Release|x64
		{4AFA9946-3F11-4C46-A9C7-0DD7FA3E4359}.Release|x86.ActiveCfg = Release|Win32
		{4AFA9946-3F11-4C46-A9C7-0DD7FA3E4359}.Release|x86.Build.0 = Release|Win32
		{EF41E18A-6AC2-4707-A960-5987BE538EC4}.Debug|x64.ActiveCfg = Debug|x64
		{EF41E18A-6AC2-4707-A960-5987BE538EC4}.Debug|x64.Build.0 = Debug|x64
		{EF41E18A-6AC2-4707-A960-5987BE538EC4}.Debug|x86.ActiveCfg = Debug|Win32
		{EF41E18A-6AC2-4707-A960-5987BE538EC4}.Debug|x86.Build.0 = Debug|Win32
		{EF41E18A-6AC2-4707-A960-5987BE538EC4}.Release|x64.ActiveCfg = Release|x64
		{EF41E18A-6AC2-4707-A960-5987BE538EC4}.Release|x64.Build.0 = Release|x64
		{EF41E18A-6AC2-4707-A960-5987BE538EC4}.Release|x86.ActiveCfg = Release|Win32
		{EF41E18A-6AC2-4707-A960-5987BE538EC4}.Release|x86.Build.0 = Release|Win32
		{4CD32A19-E0ED-4105-9E93-195A9D149C11}.Debug|x64.ActiveCfg = Debug|x64
		{4CD32A19-E0ED-4105-9E93-195A9D149C11}.Debug|x64.Build.0 = Debug|x64
		{4CD32A19-E0ED-4105-9E93-195A9D149C11}.Debug|x86.ActiveCfg = Debug|Win32
		{4CD32A19-E0ED-4105-9E93-195A9D149C11}.Debug|x86.Build.0 = Debug|Win32
		{4CD32A19-E0ED-4105-9E93-195A9D149C11}.Release|x64.ActiveCfg = Release|x64
		{4CD32A19-E0ED-4105-9E93-195A9D149C11}.Release|x64.Build.0 = Release|x64
		{4CD32A19-E0ED-4105-9E93-195A9D149C11}.Release|x86.ActiveCfg = Release|Win32
		{4CD32A19-E0ED-4105-9E93-195A9D149C11}.Release|x86.Build.0 = Release|Win32
		{8479D4E4-81D4-43B1-BC5A-05EF3DEDF6FB}.Debug|x64.ActiveCfg = Debug|x64
		{8479D4E4-81D4-43B1-BC5A-05EF3DEDF6FB}.Debug|x64.Build.0 = Debug|x64
		{8479D4E4-81D4-43B1-BC5A-05EF3DEDF6FB}.Debug|x86.ActiveCfg = Debug|Win32
		{8479D4E4-81D4-43B1-BC5A-05EF3DEDF6FB}.Debug|x86.Build.0 = Debug|Win32
		{8479D4E4-81D4-43B1-BC5A-05EF3DEDF6FB}.Release|x64.ActiveCfg = Release|x64
		{8479D4E4-81D4-43B1-BC5A-05EF3DEDF6FB}.Release|x64.Build.0 = Release|x64
		{8479D4E4-81D4-43B1-BC5A-05EF3DEDF6FB}.Release|x86.ActiveCfg = Release|Win32
		{8479D4E4-81D4-43B1-BC5A-05EF3DEDF6FB}.Release|x86.Build.0 = Release|Win32
		{CEF2FE64-28EA-4347-B47F-ACBDC4E77BD4}.Debug|x64.ActiveCfg = Debug|x64
		{CEF2FE64-28EA-4347-B47F-ACBDC4E77BD4}.Debug|x64.Build.0 = Debug|x64
		{CEF2FE64-28EA-4347-B47F-ACBDC4E77BD4}.Debug|x86.ActiveCfg = Debug|Win32
		{CEF2FE64-28EA-4347-B47F-ACBDC4E77BD4}.Debug|x86.Build.0 = Debug|Win32
		{CEF2FE64-28EA-4347-B47F-ACBDC4E77BD4}.Release|x64.ActiveCfg = Release|x64
		{CEF2FE64-28EA-4347-B47F-ACBDC4E77BD4}.Release|x64.Build.0 = Release|x64
		{CEF2FE64-28EA-4347-B47F-ACBDC4E77BD4}.Release|x86.ActiveCfg = Release|Win32
		{CEF2FE64-28EA-4347-B47F-ACBDC4E77BD4}.Release|x86.Build.0 = Release|Win32
		{67CAE905-F718-4DFA-8C25-F7A82D45395D}.Debug|x64.ActiveCfg = Debug|x64
		{67CAE905-F718-4DFA-8C25-F7A82D45395D}.Debug|x64.Build.0 = Debug|x64
		{67CAE905-F718-4DFA-8C25-F7A82D45395D}.Debug|x86.ActiveCfg = Debug|Win32
		{67CAE905-F718-4DFA-8C25-F7A82D45395D}.Debug|x86.Build.0 = Debug|Win32
		{67CAE905-F718-4DFA-8C25-F7A82D45395D}.Release|x64.ActiveCfg = Release|x64
		{67CAE905-F718-4DFA-8C25-F7A82D45395D}.Release|x64.Build.0 = Release|x64
		{67CAE905-F718-4DFA-8C25-F7A82D45395D}.Release|x86.ActiveCfg = Release|Win32
		{67CAE905-F718-4DFA-8C25-F7A82D45395D}.Release|x86.Build.0 = Release|Win32
		{58D87A7F-B0AB-4E36-A5EC-CDDE7E2236E5}.Debug|x64.ActiveCfg = Debug|x64
		{58D87A7F-B0AB-4E36-A5EC-CDDE7E2236E5}.Debug|x64.Build.0 = Debug|x64
		{58D87A7F-B0AB-4E36-A5EC-CDDE7E2236E5}.Debug|x86.ActiveCfg = Debug|Win32
		{58D87A7F-B0AB-4E36-A5EC-CDDE7E2236E5}.Debug|x86.Build.0 = Debug|Win32
		{58D87A7F-B0AB-4E36-A5EC-CDDE7E2236E5}.Release|x64.ActiveCfg = Release|x64
		{58D87A7F-B0AB-4E36-A5EC-CDDE7E2236E5}.Release|x64.Build.0 = Release|x64
		{58D87A7F-B0AB-4E36-A5EC-CDDE7E2236E5}.Release|x86.ActiveCfg = Release|Win32
		{58D87A7F-B0AB-4E36-A5EC-CDDE7E2236E5}.Release|x86.Build.0 = Release|Win32
		{6DFE1FA4-9522-43B1-ACAD-AA7D1ADCC5C1}.Debug|x64.ActiveCfg = Debug|x64
		{6DFE1FA4-9522-43B1-ACAD-AA7D1ADCC5C1}.Debug|x64.Build.0 = Debug|x64
		{6DFE1FA4-9522-43B1-ACAD-AA7D1ADCC5C1}.Debug|x86.ActiveCfg = Debug|Win32
		{6DFE1FA4-9522-43B1-ACAD-AA7D1ADCC5C1}.Debug|x86.Build.0 = Debug|Win32
		{6DFE1FA4-9522-43B1-ACAD-AA7D1ADCC5C1}.Release|x64.ActiveCfg = Release|x64
		{6DFE1FA4-9522-43B1-ACAD-AA7D1ADCC5C1}.Release|x64.Build.0 = Release|x64
		{6DFE1FA4-9522-43B1-ACAD-AA7D1ADCC5C1}.Release|x86.ActiveCfg = Release|Win32
		{6DFE1FA4-9522-43B1-ACAD-AA7D1ADCC5C1}.Release|x86.Build.0 = Release|Win32
		{9F9234E0-15FB-4A8B-82AD-0C539D6CA11E}.Debug|x64.ActiveCfg = Debug|x64
		{9F9234E0-15FB-4A8B-82AD-0C539D6CA11E}.Debug|x64.Build.0 = Debug|x64
		{9F9234E0-15FB-4A8B-82AD-0C539D6CA11E}.Debug|x86.ActiveCfg = Debug|Win32
		{9F9234E0-15FB-4A8B-82AD-0C539D6CA11E}.Debug|x86.Build.0 = Debug|Win32
		{9F9234E0-15FB-4A8B-82AD-0C539D6CA11E}.Release|x64.ActiveCfg = Release|x64
		{9F9234E0-15FB-4A8B-82AD-0C539D6CA11E}.Release|x64.Build.0 = Release|x64
		{9F9234E0-15FB-4A8B-82AD-0C539D6CA11E}.Release|x86.ActiveCfg = Release|Win32
		{9F9234E0-15FB-4A8B-82AD-0C539D6CA11E}.Release|x86.Build.0 = Release|Win32
		{55826D35-BF53-4039-8751-0B5AB90AEB5C}.Debug|x64.ActiveCfg = Debug|x64
		{55826D35-BF53-4039-8751-0B5AB90AEB5C}.Debug|x64.Build.0 = Debug|x64
		{55826D35-BF53-4039-8751-0B5AB90AEB5C}.Debug|x86.ActiveCfg = Debug|Win32
		{55826D35-BF53-4039-8751-0B5AB90AEB5C}.Debug|x86.Build.0 = Debug|Win32
		{55826D35-BF53-4039-8751-0B5AB90AEB5C}.Release|x64.ActiveCfg = Release|x64
		{55826D35-BF53-4039-8751-0B5AB90AEB5C}.Release|x64.Build.0 = Release|x64
		{55826D35-BF53-4039-8751-0B5AB90AEB5C}.Release|x86.ActiveCfg = Release|Win32
		{55826D35-BF53-4039-8751-0B5AB90AEB5C}.Release|x86.Build.0 = Release|Win32
		{1CBDCC80-D5A9-4BA1-A5E9-BF49197F50B5}.Debug|x64.ActiveCfg = Debug|x64
		{1CBDCC80-D5A9-4BA1-A5E9-BF49197F50B5}.Debug|x64.Build.0 = Debug|x64
		{1CBDCC80-D5A9-4BA1-A5E9-BF49197F50B5}.Debug|x86.ActiveCfg = Debug|Win32
		{1CBDCC80-D5A9-4BA1-A5E9-BF49197F50B5}.Debug|x86.Build.0 = Debug|Win32
		{1CBDCC80-D5A9-4BA1-A5E9-BF49197F50B5}.Release|x64.ActiveCfg = Release|x64
		{1CBDCC80-D5A9-4BA1-A5E9-BF49197F50B5}.Release|x64.Build.0 = Release|x64
		{1CBDCC80-D5A9-4BA1-A5E9-BF49197F50B5}.Release|x86.ActiveCfg = Release|Win32
		{1CBDCC80-D5A9-4BA1-A5E9-BF49197F50B5}.Release|x86.Build.0 = Release|Win32
		{A916ADED-4D05-414C-86E5-29BD8630B1D1}.Debug|x64.ActiveCfg = Debug|x64
		{A916ADED-4D05-414C-86E5-29BD8630B1D1}.Debug|x64.Build.0 = Debug|x64
		{A916ADED-4D05-414C-86E5-29BD8630B1D1}.Debug|x86.ActiveCfg = Debug|Win32
		{A916ADED-4D05-414C-86E5-29BD8630B1D1}.Debug|x86.Build.0 = Debug|Win32
		{A916ADED-4D05-414C-86E5-29BD8630B1D1}.Release|x64.ActiveCfg = Release|x64
		{A916ADED-4D05-414C-86E5-29BD8630B1D1}.Release|x64.Build.0 = Release|x64
		{A916ADED-4D05-414C-86E5-29BD8630B1D1}.Release|x86.ActiveCfg = Release|Win32
		{A916ADED-4D05-414C-86E5-29BD8630B1D1}.Release|x86.Build.0 = Release|Win32
		{2DCEFFB9-B5B5-4DD0-BA05-AE92C81F9DBA}.Debug|x64.ActiveCfg = Debug|x64
		{2DCEFFB9-B5B5-4DD0-BA05-AE92C81F9DBA}.Debug|x64.Build.0 = Debug|x64
		{2DCEFFB9-B5B5-4DD0-BA05-AE92C81F9DBA}.Debug|x86.ActiveCfg = Debug|Win32
		{2DCEFFB9-B5B5-4DD0-BA05-AE92C81F9DBA}.Debug|x86.Build.0 = Debug|Win32
		{2DCEFFB9-B5B5-4DD0-BA05-AE92C81F9DBA}.Release|x64.ActiveCfg = Release|x64
		{2DCEFFB9-B5B5-4DD0-BA05-AE92C81F9DBA}.Release|x64.Build.0 = Release|x64
		{2DCEFFB9-B5B5-4DD0-BA05-AE92C81F9DBA}.Release|x86.ActiveCfg = Release|Win32
		{2DCEFFB9-B5B5-4DD0-BA05-AE92C81F9DBA}.Release|x86.Build.0 = Release|Win32
		{0271F067-C6A7-45A7-ABB6-1F766CAEED26}.Debug|x64.ActiveCfg = Debug|x64
		{0271F067-C6A7-45A7-ABB6-1F766CAEED26}.Debug|x64.Build.0 = Debug|x64
		{0271F067-C6A7-45A7-ABB6-1F766CAEED26}.Debug|x86.ActiveCfg = Debug|Win32
		{0271F067-C6A7-45A7-ABB6-1F766CAEED26}.Debug|x86.Build.0 = Debug|Win32
		{0271F067-C6A7-45A7-ABB6-1F766CAEED26}.Release|x64.ActiveCfg = Release|x64
		{0271F067-C6A7-45A7-ABB6-1F766CAEED26}.Release|x64.Build.0 = Release|x64
		{0271F067-C6A7-45A7-ABB6-1F766CAEED26}.Release|x86.ActiveCfg = Release|Win32
		{0271F067-C6A7-45A7-ABB6-1F766CAEED26}.Release|x86.Build.0 = Release|Win32
		{ADA83FC2-BE5A-4A36-BBBC-B629185CECFF}.Debug|x64.ActiveCfg = Debug|x64
		{ADA83FC2-BE5A-4A36-BBBC-B629185CECFF}.Debug|x64.Build.0 = Debug|x64
		{ADA83FC2-BE5A-4A36-BBBC-B629185CECFF}.Debug|x86.ActiveCfg = Debug|Win32
		{ADA83FC2-BE5A-4A36-BBBC-B629185CECFF}.Debug|x86.Build.0 = Debug|Win32
		{ADA83FC2-BE5A-4A36-BBBC-B629185CECFF}.Release|x64.ActiveCfg = Release|x64
		{ADA83FC2-BE5A-4A36-BBBC-B629185CECFF}.Release|x64.Build.0 = Release|x64
		{ADA83FC2-BE5A-4A36-BBBC-B629185CECFF}.Release|x86.ActiveCfg = Release|Win32
		{ADA83FC2-BE5A-4A36-BBBC-B629185CECFF}.Release|x86.Build.0 = Release|Win32
		{BE9B5276-48A6-4AE0-9B77-45FEEF3734B7}.Debug|x64.ActiveCfg = Debug|x64
		{BE9B5276-48A6-4AE0-9B77-45FEEF3734B7}.Debug|x64.Build.0 = Debug|x64
		{BE9B5276-48A6-4AE0-9B77-45FEEF3734B7}.Debug|x86.ActiveCfg = Debug|Win32
		{BE9B5276-48A6-4AE0-9B77-45FEEF3734B7}.Debug|x86.Build.0 = Debug|Win32
		{BE9B5276-48A6-4AE0-9B77-45FEEF3734B7}.Release|x64.ActiveCfg = Release|x64
		{BE9B5276-48A6-4AE0-9B77-45FEEF3734B7}.Release|x64.Build.0 = Release|x64
		{BE9B5276-48A6-4AE0-9B77-45FEEF3734B7}.Release|x86.ActiveCfg = Release|Win32
		{BE9B5276-48A6-4AE0-9B77-45FEEF3734B7}.Release|x86.Build.0 = Release|Win32
		{7453C78A-15B8-4528-B38C-2118606622B8}.Debug|x64.ActiveCfg = Debug|x64
		{7453C78A-15B8-4528-B38C-2118606622B8}.Debug|x64.Build.0 = Debug|x64
		{7453C78A-15B8-4528-B38C-2118606622B8}.Debug|x86.ActiveCfg = Debug|Win32
		{7453C78A-15B8-4528-B38C-2118606622B8}.Debug|x86.Build.0 = Debug|Win32
		{7453C78A-15B8-4528-B38C-2118606622B8}.Release|x64.ActiveCfg = Release|x64
		{7453C78A-15B8-4528-B38C-2118606622B8}.Release|x64.Build.0 = Release|x64
		{7453C78A-15B8-4528-B38C-2118606622B8}.Release|x86.ActiveCfg = Release|Win32
		{7453C78A-15B8-4528-B38C-2118606622B8}.Release|x86.Build.0 = Release|Win32
	EndGlobalSection
	GlobalSection(SolutionProperties) = preSolution
		HideSolutionNode = FALSE
	EndGlobalSection
	GlobalSection(ExtensibilityGlobals) = postSolution
		SolutionGuid = {E91BC88E-4232-40CB-81CD-9A87EE684499}
	EndGlobalSection
EndGlobal
