
Microsoft Visual Studio Solution File, Format Version 12.00
# Visual Studio Version 16
VisualStudioVersion = 16.0.32602.291
MinimumVisualStudioVersion = 10.0.40219.1
Project("{8BC9CEB8-8B4A-11D0-8D11-00A0C91BC942}") = "355_Design_Twitter", "355_Design_Twitter\355_Design_Twitter.vcxproj", "{D94F3760-2FDF-4576-AC69-4C50C2965FDB}"
EndProject
Project("{8BC9CEB8-8B4A-11D0-8D11-00A0C91BC942}") = "357_Num_with_Unique_Digits", "357_Num_with_Unique_Digits\357_Num_with_Unique_Digits.vcxproj", "{BF6BEC4A-FB28-4382-B384-7985D184A910}"
EndProject
Project("{8BC9CEB8-8B4A-11D0-8D11-00A0C91BC942}") = "365_Water_and_Jug", "365_Water_and_Jug\365_Water_and_Jug.vcxproj", "{E1CE5B5D-F2C8-4EE7-BC4D-6B97989E98D0}"
EndProject
Project("{8BC9CEB8-8B4A-11D0-8D11-00A0C91BC942}") = "367_Perfect_Square", "367_Perfect_Square\367_Perfect_Square.vcxproj", "{48DA05C6-A9BD-4840-ACA4-6A4BE931B8D5}"
EndProject
Project("{8BC9CEB8-8B4A-11D0-8D11-00A0C91BC942}") = "368_Largest_Divisible_Subset", "368_Largest_Divisible_Subset\368_Largest_Divisible_Subset.vcxproj", "{66B3AE65-86D5-4A6F-873F-11E418583F66}"
EndProject
Project("{8BC9CEB8-8B4A-11D0-8D11-00A0C91BC942}") = "371_Sum_of_Two_Integers", "371_Sum_of_Two_Integers\371_Sum_of_Two_Integers.vcxproj", "{3FCD698D-AEB9-4239-B0A5-83B43EF70016}"
EndProject
Project("{8BC9CEB8-8B4A-11D0-8D11-00A0C91BC942}") = "372_Super_Pow", "372_Super_Pow\372_Super_Pow.vcxproj", "{6B9AAB3E-DE8D-47AB-B46E-0CDC525CE78D}"
EndProject
Global
	GlobalSection(SolutionConfigurationPlatforms) = preSolution
		Debug|x64 = Debug|x64
		Debug|x86 = Debug|x86
		Release|x64 = Release|x64
		Release|x86 = Release|x86
	EndGlobalSection
	GlobalSection(ProjectConfigurationPlatforms) = postSolution
		{D94F3760-2FDF-4576-AC69-4C50C2965FDB}.Debug|x64.ActiveCfg = Debug|x64
		{D94F3760-2FDF-4576-AC69-4C50C2965FDB}.Debug|x64.Build.0 = Debug|x64
		{D94F3760-2FDF-4576-AC69-4C50C2965FDB}.Debug|x86.ActiveCfg = Debug|Win32
		{D94F3760-2FDF-4576-AC69-4C50C2965FDB}.Debug|x86.Build.0 = Debug|Win32
		{D94F3760-2FDF-4576-AC69-4C50C2965FDB}.Release|x64.ActiveCfg = Release|x64
		{D94F3760-2FDF-4576-AC69-4C50C2965FDB}.Release|x64.Build.0 = Release|x64
		{D94F3760-2FDF-4576-AC69-4C50C2965FDB}.Release|x86.ActiveCfg = Release|Win32
		{D94F3760-2FDF-4576-AC69-4C50C2965FDB}.Release|x86.Build.0 = Release|Win32
		{BF6BEC4A-FB28-4382-B384-7985D184A910}.Debug|x64.ActiveCfg = Debug|x64
		{BF6BEC4A-FB28-4382-B384-7985D184A910}.Debug|x64.Build.0 = Debug|x64
		{BF6BEC4A-FB28-4382-B384-7985D184A910}.Debug|x86.ActiveCfg = Debug|Win32
		{BF6BEC4A-FB28-4382-B384-7985D184A910}.Debug|x86.Build.0 = Debug|Win32
		{BF6BEC4A-FB28-4382-B384-7985D184A910}.Release|x64.ActiveCfg = Release|x64
		{BF6BEC4A-FB28-4382-B384-7985D184A910}.Release|x64.Build.0 = Release|x64
		{BF6BEC4A-FB28-4382-B384-7985D184A910}.Release|x86.ActiveCfg = Release|Win32
		{BF6BEC4A-FB28-4382-B384-7985D184A910}.Release|x86.Build.0 = Release|Win32
		{E1CE5B5D-F2C8-4EE7-BC4D-6B97989E98D0}.Debug|x64.ActiveCfg = Debug|x64
		{E1CE5B5D-F2C8-4EE7-BC4D-6B97989E98D0}.Debug|x64.Build.0 = Debug|x64
		{E1CE5B5D-F2C8-4EE7-BC4D-6B97989E98D0}.Debug|x86.ActiveCfg = Debug|Win32
		{E1CE5B5D-F2C8-4EE7-BC4D-6B97989E98D0}.Debug|x86.Build.0 = Debug|Win32
		{E1CE5B5D-F2C8-4EE7-BC4D-6B97989E98D0}.Release|x64.ActiveCfg = Release|x64
		{E1CE5B5D-F2C8-4EE7-BC4D-6B97989E98D0}.Release|x64.Build.0 = Release|x64
		{E1CE5B5D-F2C8-4EE7-BC4D-6B97989E98D0}.Release|x86.ActiveCfg = Release|Win32
		{E1CE5B5D-F2C8-4EE7-BC4D-6B97989E98D0}.Release|x86.Build.0 = Release|Win32
		{48DA05C6-A9BD-4840-ACA4-6A4BE931B8D5}.Debug|x64.ActiveCfg = Debug|x64
		{48DA05C6-A9BD-4840-ACA4-6A4BE931B8D5}.Debug|x64.Build.0 = Debug|x64
		{48DA05C6-A9BD-4840-ACA4-6A4BE931B8D5}.Debug|x86.ActiveCfg = Debug|Win32
		{48DA05C6-A9BD-4840-ACA4-6A4BE931B8D5}.Debug|x86.Build.0 = Debug|Win32
		{48DA05C6-A9BD-4840-ACA4-6A4BE931B8D5}.Release|x64.ActiveCfg = Release|x64
		{48DA05C6-A9BD-4840-ACA4-6A4BE931B8D5}.Release|x64.Build.0 = Release|x64
		{48DA05C6-A9BD-4840-ACA4-6A4BE931B8D5}.Release|x86.ActiveCfg = Release|Win32
		{48DA05C6-A9BD-4840-ACA4-6A4BE931B8D5}.Release|x86.Build.0 = Release|Win32
		{66B3AE65-86D5-4A6F-873F-11E418583F66}.Debug|x64.ActiveCfg = Debug|x64
		{66B3AE65-86D5-4A6F-873F-11E418583F66}.Debug|x64.Build.0 = Debug|x64
		{66B3AE65-86D5-4A6F-873F-11E418583F66}.Debug|x86.ActiveCfg = Debug|Win32
		{66B3AE65-86D5-4A6F-873F-11E418583F66}.Debug|x86.Build.0 = Debug|Win32
		{66B3AE65-86D5-4A6F-873F-11E418583F66}.Release|x64.ActiveCfg = Release|x64
		{66B3AE65-86D5-4A6F-873F-11E418583F66}.Release|x64.Build.0 = Release|x64
		{66B3AE65-86D5-4A6F-873F-11E418583F66}.Release|x86.ActiveCfg = Release|Win32
		{66B3AE65-86D5-4A6F-873F-11E418583F66}.Release|x86.Build.0 = Release|Win32
		{3FCD698D-AEB9-4239-B0A5-83B43EF70016}.Debug|x64.ActiveCfg = Debug|x64
		{3FCD698D-AEB9-4239-B0A5-83B43EF70016}.Debug|x64.Build.0 = Debug|x64
		{3FCD698D-AEB9-4239-B0A5-83B43EF70016}.Debug|x86.ActiveCfg = Debug|Win32
		{3FCD698D-AEB9-4239-B0A5-83B43EF70016}.Debug|x86.Build.0 = Debug|Win32
		{3FCD698D-AEB9-4239-B0A5-83B43EF70016}.Release|x64.ActiveCfg = Release|x64
		{3FCD698D-AEB9-4239-B0A5-83B43EF70016}.Release|x64.Build.0 = Release|x64
		{3FCD698D-AEB9-4239-B0A5-83B43EF70016}.Release|x86.ActiveCfg = Release|Win32
		{3FCD698D-AEB9-4239-B0A5-83B43EF70016}.Release|x86.Build.0 = Release|Win32
		{6B9AAB3E-DE8D-47AB-B46E-0CDC525CE78D}.Debug|x64.ActiveCfg = Debug|x64
		{6B9AAB3E-DE8D-47AB-B46E-0CDC525CE78D}.Debug|x64.Build.0 = Debug|x64
		{6B9AAB3E-DE8D-47AB-B46E-0CDC525CE78D}.Debug|x86.ActiveCfg = Debug|Win32
		{6B9AAB3E-DE8D-47AB-B46E-0CDC525CE78D}.Debug|x86.Build.0 = Debug|Win32
		{6B9AAB3E-DE8D-47AB-B46E-0CDC525CE78D}.Release|x64.ActiveCfg = Release|x64
		{6B9AAB3E-DE8D-47AB-B46E-0CDC525CE78D}.Release|x64.Build.0 = Release|x64
		{6B9AAB3E-DE8D-47AB-B46E-0CDC525CE78D}.Release|x86.ActiveCfg = Release|Win32
		{6B9AAB3E-DE8D-47AB-B46E-0CDC525CE78D}.Release|x86.Build.0 = Release|Win32
	EndGlobalSection
	GlobalSection(SolutionProperties) = preSolution
		HideSolutionNode = FALSE
	EndGlobalSection
	GlobalSection(ExtensibilityGlobals) = postSolution
		SolutionGuid = {E91BC88E-4232-40CB-81CD-9A87EE684499}
	EndGlobalSection
EndGlobal
